Microsoft Visual Studio Solution File, Format Version 12.00
# Visual Studio Version 17
VisualStudioVersion = 17.5.2.0
MinimumVisualStudioVersion = 10.0.40219.1
Project("{2150E333-8FDC-42A3-9474-1A3956D46DE8}") = "completed", "completed", "{3815A1F3-1AF4-82DD-A37B-D08D2BCEC5B5}"
EndProject
Project("{2150E333-8FDC-42A3-9474-1A3956D46DE8}") = "step5", "step5", "{C0737164-4D8E-F380-D0B1-3B3DF203268D}"
EndProject
Project("{FAE04EC0-301F-11D3-BF4B-00C04F79EFBC}") = "AzureAIAgent5", "completed\step5\AzureAIAgent5\AzureAIAgent5.csproj", "{B1670171-29E1-D2E1-C5B0-DA7CF73890FB}"
EndProject
Global
	GlobalSection(SolutionConfigurationPlatforms) = preSolution
		Debug|Any CPU = Debug|Any CPU
		Release|Any CPU = Release|Any CPU
	EndGlobalSection
	GlobalSection(ProjectConfigurationPlatforms) = postSolution
		{B1670171-29E1-D2E1-C5B0-DA7CF73890FB}.Debug|Any CPU.ActiveCfg = Debug|Any CPU
		{B1670171-29E1-D2E1-C5B0-DA7CF73890FB}.Debug|Any CPU.Build.0 = Debug|Any CPU
		{B1670171-29E1-D2E1-C5B0-DA7CF73890FB}.Release|Any CPU.ActiveCfg = Release|Any CPU
		{B1670171-29E1-D2E1-C5B0-DA7CF73890FB}.Release|Any CPU.Build.0 = Release|Any CPU
	EndGlobalSection
	GlobalSection(SolutionProperties) = preSolution
		HideSolutionNode = FALSE
	EndGlobalSection
	GlobalSection(NestedProjects) = preSolution
		{C0737164-4D8E-F380-D0B1-3B3DF203268D} = {3815A1F3-1AF4-82DD-A37B-D08D2BCEC5B5}
		{B1670171-29E1-D2E1-C5B0-DA7CF73890FB} = {C0737164-4D8E-F380-D0B1-3B3DF203268D}
	EndGlobalSection
	GlobalSection(ExtensibilityGlobals) = postSolution
		SolutionGuid = {83D63855-F059-41D0-8E5B-FE7F7A23B307}
	EndGlobalSection
EndGlobal
