Microsoft Visual Studio Solution File, Format Version 12.00
# Visual Studio Version 17
VisualStudioVersion = 17.5.2.0
MinimumVisualStudioVersion = 10.0.40219.1
Project("{FAE04EC0-301F-11D3-BF4B-00C04F79EFBC}") = "AzureAIAgent6", "AzureAIAgent6.csproj", "{421CC81F-AA51-773F-1A95-B0C206039AE6}"
EndProject
Global
	GlobalSection(SolutionConfigurationPlatforms) = preSolution
		Debug|Any CPU = Debug|Any CPU
		Release|Any CPU = Release|Any CPU
	EndGlobalSection
	GlobalSection(ProjectConfigurationPlatforms) = postSolution
		{421CC81F-AA51-773F-1A95-B0C206039AE6}.Debug|Any CPU.ActiveCfg = Debug|Any CPU
		{421CC81F-AA51-773F-1A95-B0C206039AE6}.Debug|Any CPU.Build.0 = Debug|Any CPU
		{421CC81F-AA51-773F-1A95-B0C206039AE6}.Release|Any CPU.ActiveCfg = Release|Any CPU
		{421CC81F-AA51-773F-1A95-B0C206039AE6}.Release|Any CPU.Build.0 = Release|Any CPU
	EndGlobalSection
	GlobalSection(SolutionProperties) = preSolution
		HideSolutionNode = FALSE
	EndGlobalSection
	GlobalSection(ExtensibilityGlobals) = postSolution
		SolutionGuid = {8A8868C0-C99C-4FD6-B258-7B48AAAE4F78}
	EndGlobalSection
EndGlobal
